
Microsoft Visual Studio Solution File, Format Version 12.00
# Visual Studio Version 16
VisualStudioVersion = 16.0.30225.117
MinimumVisualStudioVersion = 10.0.40219.1
Project("{9A19103F-16F7-4668-BE54-9A1E7A4F7556}") = "BonkBot", "BonKBot\BonkBot.csproj", "{7840F789-5877-4FF3-A146-4CAE9CAD273C}"
EndProject
Project("{9A19103F-16F7-4668-BE54-9A1E7A4F7556}") = "BonkInterfacing", "BonkInterfacing\BonkInterfacing.csproj", "{3238D081-A23C-4898-8275-C3F798C419DF}"
EndProject
Global
	GlobalSection(SolutionConfigurationPlatforms) = preSolution
		Debug|Any CPU = Debug|Any CPU
		Release|Any CPU = Release|Any CPU
	EndGlobalSection
	GlobalSection(ProjectConfigurationPlatforms) = postSolution
		{7840F789-5877-4FF3-A146-4CAE9CAD273C}.Debug|Any CPU.ActiveCfg = Debug|Any CPU
		{7840F789-5877-4FF3-A146-4CAE9CAD273C}.Debug|Any CPU.Build.0 = Debug|Any CPU
		{7840F789-5877-4FF3-A146-4CAE9CAD273C}.Release|Any CPU.ActiveCfg = Release|Any CPU
		{7840F789-5877-4FF3-A146-4CAE9CAD273C}.Release|Any CPU.Build.0 = Release|Any CPU
		{3238D081-A23C-4898-8275-C3F798C419DF}.Debug|Any CPU.ActiveCfg = Debug|Any CPU
		{3238D081-A23C-4898-8275-C3F798C419DF}.Debug|Any CPU.Build.0 = Debug|Any CPU
		{3238D081-A23C-4898-8275-C3F798C419DF}.Release|Any CPU.ActiveCfg = Release|Any CPU
		{3238D081-A23C-4898-8275-C3F798C419DF}.Release|Any CPU.Build.0 = Release|Any CPU
	EndGlobalSection
	GlobalSection(SolutionProperties) = preSolution
		HideSolutionNode = FALSE
	EndGlobalSection
	GlobalSection(ExtensibilityGlobals) = postSolution
		SolutionGuid = {4607011A-F80B-4AA8-884C-5E19FFDDBA6F}
	EndGlobalSection
EndGlobal
